
Microsoft Visual Studio Solution File, Format Version 12.00
# Visual Studio 15
VisualStudioVersion = 15.0.26124.0
MinimumVisualStudioVersion = 15.0.26124.0
Project("{2150E333-8FDC-42A3-9474-1A3956D46DE8}") = "src", "src", "{BF37A558-3186-4824-8322-F6F625121572}"
EndProject
Project("{2150E333-8FDC-42A3-9474-1A3956D46DE8}") = "tests", "tests", "{22D723DF-84EC-45CC-8578-2C0899932350}"
EndProject
Project("{FAE04EC0-301F-11D3-BF4B-00C04F79EFBC}") = "coinshop.core", "src\coinshop.core\coinshop.core.csproj", "{707CDED4-9093-4DAB-BF4A-13241319846F}"
EndProject
Project("{FAE04EC0-301F-11D3-BF4B-00C04F79EFBC}") = "coinshop.core.tests", "tests\coinshop.core.tests\coinshop.core.tests.csproj", "{C13F3BB8-E4F0-4376-835A-AF9AFA81D8DF}"
EndProject
Project("{FAE04EC0-301F-11D3-BF4B-00C04F79EFBC}") = "coinshop.ui", "src\coinshop.ui\coinshop.ui.csproj", "{3498E8B0-BFA7-4767-8375-15F2276AE4E0}"
EndProject
Global
	GlobalSection(SolutionConfigurationPlatforms) = preSolution
		Debug|Any CPU = Debug|Any CPU
		Debug|x64 = Debug|x64
		Debug|x86 = Debug|x86
		Release|Any CPU = Release|Any CPU
		Release|x64 = Release|x64
		Release|x86 = Release|x86
	EndGlobalSection
	GlobalSection(SolutionProperties) = preSolution
		HideSolutionNode = FALSE
	EndGlobalSection
	GlobalSection(NestedProjects) = preSolution
		{707CDED4-9093-4DAB-BF4A-13241319846F} = {BF37A558-3186-4824-8322-F6F625121572}
		{C13F3BB8-E4F0-4376-835A-AF9AFA81D8DF} = {22D723DF-84EC-45CC-8578-2C0899932350}
		{3498E8B0-BFA7-4767-8375-15F2276AE4E0} = {BF37A558-3186-4824-8322-F6F625121572}
	EndGlobalSection
	GlobalSection(ProjectConfigurationPlatforms) = postSolution
		{707CDED4-9093-4DAB-BF4A-13241319846F}.Debug|Any CPU.ActiveCfg = Debug|Any CPU
		{707CDED4-9093-4DAB-BF4A-13241319846F}.Debug|Any CPU.Build.0 = Debug|Any CPU
		{707CDED4-9093-4DAB-BF4A-13241319846F}.Debug|x64.ActiveCfg = Debug|Any CPU
		{707CDED4-9093-4DAB-BF4A-13241319846F}.Debug|x64.Build.0 = Debug|Any CPU
		{707CDED4-9093-4DAB-BF4A-13241319846F}.Debug|x86.ActiveCfg = Debug|Any CPU
		{707CDED4-9093-4DAB-BF4A-13241319846F}.Debug|x86.Build.0 = Debug|Any CPU
		{707CDED4-9093-4DAB-BF4A-13241319846F}.Release|Any CPU.ActiveCfg = Release|Any CPU
		{707CDED4-9093-4DAB-BF4A-13241319846F}.Release|Any CPU.Build.0 = Release|Any CPU
		{707CDED4-9093-4DAB-BF4A-13241319846F}.Release|x64.ActiveCfg = Release|Any CPU
		{707CDED4-9093-4DAB-BF4A-13241319846F}.Release|x64.Build.0 = Release|Any CPU
		{707CDED4-9093-4DAB-BF4A-13241319846F}.Release|x86.ActiveCfg = Release|Any CPU
		{707CDED4-9093-4DAB-BF4A-13241319846F}.Release|x86.Build.0 = Release|Any CPU
		{C13F3BB8-E4F0-4376-835A-AF9AFA81D8DF}.Debug|Any CPU.ActiveCfg = Debug|Any CPU
		{C13F3BB8-E4F0-4376-835A-AF9AFA81D8DF}.Debug|Any CPU.Build.0 = Debug|Any CPU
		{C13F3BB8-E4F0-4376-835A-AF9AFA81D8DF}.Debug|x64.ActiveCfg = Debug|Any CPU
		{C13F3BB8-E4F0-4376-835A-AF9AFA81D8DF}.Debug|x64.Build.0 = Debug|Any CPU
		{C13F3BB8-E4F0-4376-835A-AF9AFA81D8DF}.Debug|x86.ActiveCfg = Debug|Any CPU
		{C13F3BB8-E4F0-4376-835A-AF9AFA81D8DF}.Debug|x86.Build.0 = Debug|Any CPU
		{C13F3BB8-E4F0-4376-835A-AF9AFA81D8DF}.Release|Any CPU.ActiveCfg = Release|Any CPU
		{C13F3BB8-E4F0-4376-835A-AF9AFA81D8DF}.Release|Any CPU.Build.0 = Release|Any CPU
		{C13F3BB8-E4F0-4376-835A-AF9AFA81D8DF}.Release|x64.ActiveCfg = Release|Any CPU
		{C13F3BB8-E4F0-4376-835A-AF9AFA81D8DF}.Release|x64.Build.0 = Release|Any CPU
		{C13F3BB8-E4F0-4376-835A-AF9AFA81D8DF}.Release|x86.ActiveCfg = Release|Any CPU
		{C13F3BB8-E4F0-4376-835A-AF9AFA81D8DF}.Release|x86.Build.0 = Release|Any CPU
		{3498E8B0-BFA7-4767-8375-15F2276AE4E0}.Debug|Any CPU.ActiveCfg = Debug|Any CPU
		{3498E8B0-BFA7-4767-8375-15F2276AE4E0}.Debug|Any CPU.Build.0 = Debug|Any CPU
		{3498E8B0-BFA7-4767-8375-15F2276AE4E0}.Debug|x64.ActiveCfg = Debug|Any CPU
		{3498E8B0-BFA7-4767-8375-15F2276AE4E0}.Debug|x64.Build.0 = Debug|Any CPU
		{3498E8B0-BFA7-4767-8375-15F2276AE4E0}.Debug|x86.ActiveCfg = Debug|Any CPU
		{3498E8B0-BFA7-4767-8375-15F2276AE4E0}.Debug|x86.Build.0 = Debug|Any CPU
		{3498E8B0-BFA7-4767-8375-15F2276AE4E0}.Release|Any CPU.ActiveCfg = Release|Any CPU
		{3498E8B0-BFA7-4767-8375-15F2276AE4E0}.Release|Any CPU.Build.0 = Release|Any CPU
		{3498E8B0-BFA7-4767-8375-15F2276AE4E0}.Release|x64.ActiveCfg = Release|Any CPU
		{3498E8B0-BFA7-4767-8375-15F2276AE4E0}.Release|x64.Build.0 = Release|Any CPU
		{3498E8B0-BFA7-4767-8375-15F2276AE4E0}.Release|x86.ActiveCfg = Release|Any CPU
		{3498E8B0-BFA7-4767-8375-15F2276AE4E0}.Release|x86.Build.0 = Release|Any CPU
	EndGlobalSection
EndGlobal
